
Microsoft Visual Studio Solution File, Format Version 12.00
# Visual Studio Version 17
VisualStudioVersion = 17.3.32922.545
MinimumVisualStudioVersion = 10.0.40219.1
Project("{FAE04EC0-301F-11D3-BF4B-00C04F79EFBC}") = "BingoCardOOP", "BingoCardOOP\BingoCardOOP.csproj", "{C8832908-2AE8-4FB5-8C0F-E6E20B60E1EE}"
EndProject
Global
	GlobalSection(SolutionConfigurationPlatforms) = preSolution
		Debug|Any CPU = Debug|Any CPU
		Release|Any CPU = Release|Any CPU
	EndGlobalSection
	GlobalSection(ProjectConfigurationPlatforms) = postSolution
		{C8832908-2AE8-4FB5-8C0F-E6E20B60E1EE}.Debug|Any CPU.ActiveCfg = Debug|Any CPU
		{C8832908-2AE8-4FB5-8C0F-E6E20B60E1EE}.Debug|Any CPU.Build.0 = Debug|Any CPU
		{C8832908-2AE8-4FB5-8C0F-E6E20B60E1EE}.Release|Any CPU.ActiveCfg = Release|Any CPU
		{C8832908-2AE8-4FB5-8C0F-E6E20B60E1EE}.Release|Any CPU.Build.0 = Release|Any CPU
	EndGlobalSection
	GlobalSection(SolutionProperties) = preSolution
		HideSolutionNode = FALSE
	EndGlobalSection
	GlobalSection(ExtensibilityGlobals) = postSolution
		SolutionGuid = {70D2FC9E-D842-4A88-A7EE-A63F088EB506}
	EndGlobalSection
EndGlobal
